
Microsoft Visual Studio Solution File, Format Version 12.00
# Visual Studio Version 16
VisualStudioVersion = 16.0.30225.117
MinimumVisualStudioVersion = 10.0.40219.1
Project("{FAE04EC0-301F-11D3-BF4B-00C04F79EFBC}") = "InterfacePractise", "InterfacePractise\InterfacePractise.csproj", "{3DC03428-A239-4DF4-87D6-523F9FB0DDE6}"
EndProject
Global
	GlobalSection(SolutionConfigurationPlatforms) = preSolution
		Debug|Any CPU = Debug|Any CPU
		Release|Any CPU = Release|Any CPU
	EndGlobalSection
	GlobalSection(ProjectConfigurationPlatforms) = postSolution
		{3DC03428-A239-4DF4-87D6-523F9FB0DDE6}.Debug|Any CPU.ActiveCfg = Debug|Any CPU
		{3DC03428-A239-4DF4-87D6-523F9FB0DDE6}.Debug|Any CPU.Build.0 = Debug|Any CPU
		{3DC03428-A239-4DF4-87D6-523F9FB0DDE6}.Release|Any CPU.ActiveCfg = Release|Any CPU
		{3DC03428-A239-4DF4-87D6-523F9FB0DDE6}.Release|Any CPU.Build.0 = Release|Any CPU
	EndGlobalSection
	GlobalSection(SolutionProperties) = preSolution
		HideSolutionNode = FALSE
	EndGlobalSection
	GlobalSection(ExtensibilityGlobals) = postSolution
		SolutionGuid = {C771720D-E1B7-4A84-82A1-AEAADF892CCA}
	EndGlobalSection
EndGlobal
